PODS:
  - Flutter (1.0.0)
  - zenoh_ffi (0.1.0):
    - Flutter

DEPENDENCIES:
  - Flutter (from `Flutter`)
  - zenoh_ffi (from `.symlinks/plugins/zenoh_ffi/ios`)

EXTERNAL SOURCES:
  Flutter:
    :path: Flutter
  zenoh_ffi:
    :path: ".symlinks/plugins/zenoh_ffi/ios"

SPEC CHECKSUMS:
  Flutter: cabc95a1d2626b1b06e7179b784ebcf0c0cde467
  zenoh_ffi: c6b2ce465cb05bbd9848be24a718e44bbc8e319a

PODFILE CHECKSUM: 251cb053df7158f337c0712f2ab29f4e0fa474ce

COCOAPODS: 1.16.2
