PODS:
  - FlutterMacOS (1.0.0)
  - zenoh_ffi (0.0.1):
    - FlutterMacOS

DEPENDENCIES:
  - FlutterMacOS (from `Flutter/ephemeral`)
  - zenoh_ffi (from `Flutter/ephemeral/.symlinks/plugins/zenoh_ffi/macos`)

EXTERNAL SOURCES:
  FlutterMacOS:
    :path: Flutter/ephemeral
  zenoh_ffi:
    :path: Flutter/ephemeral/.symlinks/plugins/zenoh_ffi/macos

SPEC CHECKSUMS:
  FlutterMacOS: d0db08ddef1a9af05a5ec4b724367152bb0500b1
  zenoh_ffi: 4de9596f940ec1d7659a4a7ec8592118ec3c37f3

PODFILE CHECKSUM: 54d867c82ac51cbd61b565781b9fada492027009

COCOAPODS: 1.16.2
